
Microsoft Visual Studio Solution File, Format Version 12.00
# Visual Studio 14
VisualStudioVersion = 14.0.25420.1
MinimumVisualStudioVersion = 10.0.40219.1
Project("{FAE04EC0-301F-11D3-BF4B-00C04F79EFBC}") = "CRMV1", "CRMV1\CRMV1.csproj", "{CD539C72-6ECA-4B9E-95F6-31AC86F7452C}"
EndProject
Global
	GlobalSection(SolutionConfigurationPlatforms) = preSolution
		Debug|Any CPU = Debug|Any CPU
		Release|Any CPU = Release|Any CPU
	EndGlobalSection
	GlobalSection(ProjectConfigurationPlatforms) = postSolution
		{CD539C72-6ECA-4B9E-95F6-31AC86F7452C}.Debug|Any CPU.ActiveCfg = Debug|Any CPU
		{CD539C72-6ECA-4B9E-95F6-31AC86F7452C}.Debug|Any CPU.Build.0 = Debug|Any CPU
		{CD539C72-6ECA-4B9E-95F6-31AC86F7452C}.Release|Any CPU.ActiveCfg = Release|Any CPU
		{CD539C72-6ECA-4B9E-95F6-31AC86F7452C}.Release|Any CPU.Build.0 = Release|Any CPU
	EndGlobalSection
	GlobalSection(SolutionProperties) = preSolution
		HideSolutionNode = FALSE
	EndGlobalSection
EndGlobal
